
Microsoft Visual Studio Solution File, Format Version 12.00
# Visual Studio Version 17
VisualStudioVersion = 17.5.002.0
MinimumVisualStudioVersion = 10.0.40219.1
Project("{9A19103F-16F7-4668-BE54-9A1E7A4F7556}") = "BlogPlatform", "BlogPlatform.csproj", "{BF1442C9-0033-4A15-AB9D-1C0E1503EACE}"
EndProject
Global
	GlobalSection(SolutionConfigurationPlatforms) = preSolution
		Debug|Any CPU = Debug|Any CPU
		Release|Any CPU = Release|Any CPU
	EndGlobalSection
	GlobalSection(ProjectConfigurationPlatforms) = postSolution
		{BF1442C9-0033-4A15-AB9D-1C0E1503EACE}.Debug|Any CPU.ActiveCfg = Debug|Any CPU
		{BF1442C9-0033-4A15-AB9D-1C0E1503EACE}.Debug|Any CPU.Build.0 = Debug|Any CPU
		{BF1442C9-0033-4A15-AB9D-1C0E1503EACE}.Release|Any CPU.ActiveCfg = Release|Any CPU
		{BF1442C9-0033-4A15-AB9D-1C0E1503EACE}.Release|Any CPU.Build.0 = Release|Any CPU
	EndGlobalSection
	GlobalSection(SolutionProperties) = preSolution
		HideSolutionNode = FALSE
	EndGlobalSection
	GlobalSection(ExtensibilityGlobals) = postSolution
		SolutionGuid = {2AF72047-8038-4538-9396-292B0715BFDF}
	EndGlobalSection
EndGlobal
